
Microsoft Visual Studio Solution File, Format Version 12.00
# Visual Studio Version 16
VisualStudioVersion = 16.0.31129.286
MinimumVisualStudioVersion = 10.0.40219.1
Project("{9A19103F-16F7-4668-BE54-9A1E7A4F7556}") = "SpriteEz", "SpriteEz\SpriteEz.csproj", "{2B27B08A-F280-479D-A688-71183D5EDC11}"
EndProject
Project("{9A19103F-16F7-4668-BE54-9A1E7A4F7556}") = "SpriteEzSampleApp", "SpriteEzSampleApp\SpriteEzSampleApp.csproj", "{077A017C-6D9E-4A0C-B786-463096085786}"
	ProjectSection(ProjectDependencies) = postProject
		{2B27B08A-F280-479D-A688-71183D5EDC11} = {2B27B08A-F280-479D-A688-71183D5EDC11}
	EndProjectSection
EndProject
Project("{930C7802-8A8C-48F9-8165-68863BCCD9DD}") = "SpriteEzInstaller", "SpriteEzInstaller\SpriteEzInstaller.wixproj", "{8A754726-8801-4020-A54B-04BA72F8F88E}"
EndProject
Project("{930C7802-8A8C-48F9-8165-68863BCCD9DD}") = "SpriteEzInstaller86", "SpriteEzInstaller86\SpriteEzInstaller86.wixproj", "{BEE23AA9-2326-4E7D-95AF-E8B6DDECF9D2}"
EndProject
Project("{9A19103F-16F7-4668-BE54-9A1E7A4F7556}") = "nQuant", "nQuant\nQuant.csproj", "{91A520F0-0F49-42D8-BB36-639EABD3B309}"
EndProject
Global
	GlobalSection(SolutionConfigurationPlatforms) = preSolution
		Debug|Any CPU = Debug|Any CPU
		Debug|x64 = Debug|x64
		Debug|x86 = Debug|x86
		Release|Any CPU = Release|Any CPU
		Release|x64 = Release|x64
		Release|x86 = Release|x86
	EndGlobalSection
	GlobalSection(ProjectConfigurationPlatforms) = postSolution
		{2B27B08A-F280-479D-A688-71183D5EDC11}.Debug|Any CPU.ActiveCfg = Debug|Any CPU
		{2B27B08A-F280-479D-A688-71183D5EDC11}.Debug|Any CPU.Build.0 = Debug|Any CPU
		{2B27B08A-F280-479D-A688-71183D5EDC11}.Debug|x64.ActiveCfg = Debug|x64
		{2B27B08A-F280-479D-A688-71183D5EDC11}.Debug|x64.Build.0 = Debug|x64
		{2B27B08A-F280-479D-A688-71183D5EDC11}.Debug|x86.ActiveCfg = Debug|Any CPU
		{2B27B08A-F280-479D-A688-71183D5EDC11}.Debug|x86.Build.0 = Debug|Any CPU
		{2B27B08A-F280-479D-A688-71183D5EDC11}.Release|Any CPU.ActiveCfg = Release|Any CPU
		{2B27B08A-F280-479D-A688-71183D5EDC11}.Release|Any CPU.Build.0 = Release|Any CPU
		{2B27B08A-F280-479D-A688-71183D5EDC11}.Release|x64.ActiveCfg = Release|x64
		{2B27B08A-F280-479D-A688-71183D5EDC11}.Release|x64.Build.0 = Release|x64
		{2B27B08A-F280-479D-A688-71183D5EDC11}.Release|x86.ActiveCfg = Release|Any CPU
		{2B27B08A-F280-479D-A688-71183D5EDC11}.Release|x86.Build.0 = Release|Any CPU
		{077A017C-6D9E-4A0C-B786-463096085786}.Debug|Any CPU.ActiveCfg = Debug|Any CPU
		{077A017C-6D9E-4A0C-B786-463096085786}.Debug|Any CPU.Build.0 = Debug|Any CPU
		{077A017C-6D9E-4A0C-B786-463096085786}.Debug|x64.ActiveCfg = Debug|x64
		{077A017C-6D9E-4A0C-B786-463096085786}.Debug|x64.Build.0 = Debug|x64
		{077A017C-6D9E-4A0C-B786-463096085786}.Debug|x86.ActiveCfg = Debug|Any CPU
		{077A017C-6D9E-4A0C-B786-463096085786}.Debug|x86.Build.0 = Debug|Any CPU
		{077A017C-6D9E-4A0C-B786-463096085786}.Release|Any CPU.ActiveCfg = Release|Any CPU
		{077A017C-6D9E-4A0C-B786-463096085786}.Release|Any CPU.Build.0 = Release|Any CPU
		{077A017C-6D9E-4A0C-B786-463096085786}.Release|x64.ActiveCfg = Release|x64
		{077A017C-6D9E-4A0C-B786-463096085786}.Release|x64.Build.0 = Release|x64
		{077A017C-6D9E-4A0C-B786-463096085786}.Release|x86.ActiveCfg = Release|Any CPU
		{077A017C-6D9E-4A0C-B786-463096085786}.Release|x86.Build.0 = Release|Any CPU
		{8A754726-8801-4020-A54B-04BA72F8F88E}.Debug|Any CPU.ActiveCfg = Debug|x86
		{8A754726-8801-4020-A54B-04BA72F8F88E}.Debug|x64.ActiveCfg = Debug|x64
		{8A754726-8801-4020-A54B-04BA72F8F88E}.Debug|x86.ActiveCfg = Debug|x86
		{8A754726-8801-4020-A54B-04BA72F8F88E}.Debug|x86.Build.0 = Debug|x86
		{8A754726-8801-4020-A54B-04BA72F8F88E}.Release|Any CPU.ActiveCfg = Release|x64
		{8A754726-8801-4020-A54B-04BA72F8F88E}.Release|x64.ActiveCfg = Release|x64
		{8A754726-8801-4020-A54B-04BA72F8F88E}.Release|x86.ActiveCfg = Release|x64
		{8A754726-8801-4020-A54B-04BA72F8F88E}.Release|x86.Build.0 = Release|x64
		{BEE23AA9-2326-4E7D-95AF-E8B6DDECF9D2}.Debug|Any CPU.ActiveCfg = Debug|x86
		{BEE23AA9-2326-4E7D-95AF-E8B6DDECF9D2}.Debug|x64.ActiveCfg = Debug|x86
		{BEE23AA9-2326-4E7D-95AF-E8B6DDECF9D2}.Debug|x86.ActiveCfg = Debug|x86
		{BEE23AA9-2326-4E7D-95AF-E8B6DDECF9D2}.Debug|x86.Build.0 = Debug|x86
		{BEE23AA9-2326-4E7D-95AF-E8B6DDECF9D2}.Release|Any CPU.ActiveCfg = Release|x86
		{BEE23AA9-2326-4E7D-95AF-E8B6DDECF9D2}.Release|x64.ActiveCfg = Release|x86
		{BEE23AA9-2326-4E7D-95AF-E8B6DDECF9D2}.Release|x86.ActiveCfg = Release|x86
		{BEE23AA9-2326-4E7D-95AF-E8B6DDECF9D2}.Release|x86.Build.0 = Release|x86
		{91A520F0-0F49-42D8-BB36-639EABD3B309}.Debug|Any CPU.ActiveCfg = Debug|Any CPU
		{91A520F0-0F49-42D8-BB36-639EABD3B309}.Debug|Any CPU.Build.0 = Debug|Any CPU
		{91A520F0-0F49-42D8-BB36-639EABD3B309}.Debug|x64.ActiveCfg = Debug|x64
		{91A520F0-0F49-42D8-BB36-639EABD3B309}.Debug|x64.Build.0 = Debug|x64
		{91A520F0-0F49-42D8-BB36-639EABD3B309}.Debug|x86.ActiveCfg = Debug|Any CPU
		{91A520F0-0F49-42D8-BB36-639EABD3B309}.Debug|x86.Build.0 = Debug|Any CPU
		{91A520F0-0F49-42D8-BB36-639EABD3B309}.Release|Any CPU.ActiveCfg = Release|Any CPU
		{91A520F0-0F49-42D8-BB36-639EABD3B309}.Release|Any CPU.Build.0 = Release|Any CPU
		{91A520F0-0F49-42D8-BB36-639EABD3B309}.Release|x64.ActiveCfg = Release|x64
		{91A520F0-0F49-42D8-BB36-639EABD3B309}.Release|x64.Build.0 = Release|x64
		{91A520F0-0F49-42D8-BB36-639EABD3B309}.Release|x86.ActiveCfg = Release|Any CPU
		{91A520F0-0F49-42D8-BB36-639EABD3B309}.Release|x86.Build.0 = Release|Any CPU
	EndGlobalSection
	GlobalSection(SolutionProperties) = preSolution
		HideSolutionNode = FALSE
	EndGlobalSection
	GlobalSection(ExtensibilityGlobals) = postSolution
		SolutionGuid = {B374039F-E30F-40EF-A4CC-055DAD9EB6B5}
	EndGlobalSection
EndGlobal
